
Microsoft Visual Studio Solution File, Format Version 12.00
# Visual Studio Version 17
VisualStudioVersion = 17.4.33213.308
MinimumVisualStudioVersion = 10.0.40219.1
Project("{2150E333-8FDC-42A3-9474-1A3956D46DE8}") = "Chapters", "Chapters", "{BBC0010C-F380-4D9A-9D45-A008026E02D7}"
EndProject
Project("{2150E333-8FDC-42A3-9474-1A3956D46DE8}") = "Chapter-01", "Chapter-01", "{5CF2331D-A9FF-4AEB-8FC4-E21C175CB745}"
EndProject
Project("{8BC9CEB8-8B4A-11D0-8D11-00A0C91BC942}") = "YMM1121.Chapter01", "YMM1121.Chapter01\YMM1121.Chapter01.vcxproj", "{B0BD5240-F025-43ED-9F63-5F34DBA0DD0C}"
EndProject
Project("{2150E333-8FDC-42A3-9474-1A3956D46DE8}") = "Chapter-02", "Chapter-02", "{14BA2B0C-BE3B-4BBD-822A-FE1D6AE18370}"
EndProject
Project("{8BC9CEB8-8B4A-11D0-8D11-00A0C91BC942}") = "YMM1121.Chapter02", "YMM1121.Chapter02\YMM1121.Chapter02.vcxproj", "{8C267412-A6EA-47D4-AA10-DC75F73FC86D}"
EndProject
Project("{2150E333-8FDC-42A3-9474-1A3956D46DE8}") = "Chapter-03", "Chapter-03", "{371F9CDE-8716-45FE-93DF-90383ED9781C}"
EndProject
Project("{8BC9CEB8-8B4A-11D0-8D11-00A0C91BC942}") = "YMM1121.Chapter03", "YMM1121.Chapter03\YMM1121.Chapter03.vcxproj", "{E0AC6494-96A2-4D1E-BB84-1073E56F4141}"
EndProject
Project("{2150E333-8FDC-42A3-9474-1A3956D46DE8}") = "Chapter-04", "Chapter-04", "{F9468C4B-215E-422A-A221-BCF8333A1E38}"
EndProject
Project("{8BC9CEB8-8B4A-11D0-8D11-00A0C91BC942}") = "YMM1121.Chapter04", "YMM1121.Chapter04\YMM1121.Chapter04.vcxproj", "{14DE45A1-D71A-4751-AF12-D347F3A61622}"
EndProject
Project("{2150E333-8FDC-42A3-9474-1A3956D46DE8}") = "Chapter-05", "Chapter-05", "{082BB73B-39BE-4B21-BD11-1225C9C81F1E}"
EndProject
Project("{8BC9CEB8-8B4A-11D0-8D11-00A0C91BC942}") = "YMM1121.Chapter05", "YMM1121.Chapter05\YMM1121.Chapter05.vcxproj", "{71194FE5-DC12-4116-89F3-BD2BCBF7E257}"
EndProject
Project("{2150E333-8FDC-42A3-9474-1A3956D46DE8}") = "Chapter-06", "Chapter-06", "{E8263D58-80EE-4D7A-ABD2-F630257794C2}"
EndProject
Project("{8BC9CEB8-8B4A-11D0-8D11-00A0C91BC942}") = "YMM1121.Chapter06", "YMM1121.Chapter06\YMM1121.Chapter06.vcxproj", "{189DC570-BA8F-4B77-95C9-43C32B09F760}"
EndProject
Project("{2150E333-8FDC-42A3-9474-1A3956D46DE8}") = "Chapter-07", "Chapter-07", "{0AB49444-490E-46B8-AB8F-9B216414A514}"
EndProject
Project("{8BC9CEB8-8B4A-11D0-8D11-00A0C91BC942}") = "YMM1121.Chapter07", "YMM1121.Chapter07\YMM1121.Chapter07.vcxproj", "{051162B5-9D20-4038-960E-64012C1D5009}"
EndProject
Project("{2150E333-8FDC-42A3-9474-1A3956D46DE8}") = "Chapter-08", "Chapter-08", "{A11ECBFA-A3E7-49DD-B286-9300253376B7}"
EndProject
Project("{8BC9CEB8-8B4A-11D0-8D11-00A0C91BC942}") = "YMM1121.Chapter08", "YMM1121.Chapter08\YMM1121.Chapter08.vcxproj", "{CAC35B65-586E-4255-8F0A-E06746439E8B}"
EndProject
Project("{2150E333-8FDC-42A3-9474-1A3956D46DE8}") = "Chapter-09", "Chapter-09", "{298F74DC-1B26-4BC8-8742-3ED34C723CAD}"
EndProject
Project("{8BC9CEB8-8B4A-11D0-8D11-00A0C91BC942}") = "YMM1121.Chapter09", "YMM1121.Chapter09\YMM1121.Chapter09.vcxproj", "{D4950233-D902-43FF-A8DF-1C6CD6C1BED4}"
EndProject
Project("{2150E333-8FDC-42A3-9474-1A3956D46DE8}") = "Chapter-10", "Chapter-10", "{CA0B3AAF-89B1-4624-9A6A-D6C49827B9B1}"
EndProject
Project("{8BC9CEB8-8B4A-11D0-8D11-00A0C91BC942}") = "YMM1121.Chapter10", "YMM1121.Chapter10\YMM1121.Chapter10.vcxproj", "{B1504132-24B9-4F1D-B14C-33BEF997CF45}"
EndProject
Project("{2150E333-8FDC-42A3-9474-1A3956D46DE8}") = "Chapter-11", "Chapter-11", "{1033D241-484E-4145-8F2A-0DD51FB578F5}"
EndProject
Project("{8BC9CEB8-8B4A-11D0-8D11-00A0C91BC942}") = "YMM1121.Chapter11", "YMM1121.Chapter11\YMM1121.Chapter11.vcxproj", "{386AACF2-5C08-4823-9EB7-7C985782742D}"
EndProject
Project("{2150E333-8FDC-42A3-9474-1A3956D46DE8}") = "Chapter-12", "Chapter-12", "{B6ED253B-D51A-4EF3-A3E6-64E196925A8C}"
EndProject
Project("{2150E333-8FDC-42A3-9474-1A3956D46DE8}") = "Chapter-13", "Chapter-13", "{AD9145BC-F708-400B-8635-C65E1CAE646B}"
EndProject
Project("{2150E333-8FDC-42A3-9474-1A3956D46DE8}") = "Chapter-14", "Chapter-14", "{35CC0C18-024F-410E-B0C1-8B1B97B600D5}"
EndProject
Project("{8BC9CEB8-8B4A-11D0-8D11-00A0C91BC942}") = "YMM1121.Chapter12", "YMM1121.Chapter12\YMM1121.Chapter12.vcxproj", "{CD734A6A-5FB2-46BE-AD33-ADA01E853E7D}"
EndProject
Project("{8BC9CEB8-8B4A-11D0-8D11-00A0C91BC942}") = "YMM1121.Chapter13", "YMM1121.Chapter13\YMM1121.Chapter13.vcxproj", "{3D5B114E-43E0-4DAB-A5A1-4140815C3E82}"
EndProject
Project("{8BC9CEB8-8B4A-11D0-8D11-00A0C91BC942}") = "YMM1121.Chapter14", "YMM1121.Chapter14\YMM1121.Chapter14.vcxproj", "{33BD60DC-B2B3-421A-ABAE-494AD7AC35BC}"
EndProject
Global
	GlobalSection(SolutionConfigurationPlatforms) = preSolution
		Debug|x64 = Debug|x64
		Debug|x86 = Debug|x86
		Release|x64 = Release|x64
		Release|x86 = Release|x86
	EndGlobalSection
	GlobalSection(ProjectConfigurationPlatforms) = postSolution
		{B0BD5240-F025-43ED-9F63-5F34DBA0DD0C}.Debug|x64.ActiveCfg = Debug|x64
		{B0BD5240-F025-43ED-9F63-5F34DBA0DD0C}.Debug|x64.Build.0 = Debug|x64
		{B0BD5240-F025-43ED-9F63-5F34DBA0DD0C}.Debug|x86.ActiveCfg = Debug|Win32
		{B0BD5240-F025-43ED-9F63-5F34DBA0DD0C}.Debug|x86.Build.0 = Debug|Win32
		{B0BD5240-F025-43ED-9F63-5F34DBA0DD0C}.Release|x64.ActiveCfg = Release|x64
		{B0BD5240-F025-43ED-9F63-5F34DBA0DD0C}.Release|x64.Build.0 = Release|x64
		{B0BD5240-F025-43ED-9F63-5F34DBA0DD0C}.Release|x86.ActiveCfg = Release|Win32
		{B0BD5240-F025-43ED-9F63-5F34DBA0DD0C}.Release|x86.Build.0 = Release|Win32
		{8C267412-A6EA-47D4-AA10-DC75F73FC86D}.Debug|x64.ActiveCfg = Debug|x64
		{8C267412-A6EA-47D4-AA10-DC75F73FC86D}.Debug|x64.Build.0 = Debug|x64
		{8C267412-A6EA-47D4-AA10-DC75F73FC86D}.Debug|x86.ActiveCfg = Debug|Win32
		{8C267412-A6EA-47D4-AA10-DC75F73FC86D}.Debug|x86.Build.0 = Debug|Win32
		{8C267412-A6EA-47D4-AA10-DC75F73FC86D}.Release|x64.ActiveCfg = Release|x64
		{8C267412-A6EA-47D4-AA10-DC75F73FC86D}.Release|x64.Build.0 = Release|x64
		{8C267412-A6EA-47D4-AA10-DC75F73FC86D}.Release|x86.ActiveCfg = Release|Win32
		{8C267412-A6EA-47D4-AA10-DC75F73FC86D}.Release|x86.Build.0 = Release|Win32
		{E0AC6494-96A2-4D1E-BB84-1073E56F4141}.Debug|x64.ActiveCfg = Debug|x64
		{E0AC6494-96A2-4D1E-BB84-1073E56F4141}.Debug|x64.Build.0 = Debug|x64
		{E0AC6494-96A2-4D1E-BB84-1073E56F4141}.Debug|x86.ActiveCfg = Debug|Win32
		{E0AC6494-96A2-4D1E-BB84-1073E56F4141}.Debug|x86.Build.0 = Debug|Win32
		{E0AC6494-96A2-4D1E-BB84-1073E56F4141}.Release|x64.ActiveCfg = Release|x64
		{E0AC6494-96A2-4D1E-BB84-1073E56F4141}.Release|x64.Build.0 = Release|x64
		{E0AC6494-96A2-4D1E-BB84-1073E56F4141}.Release|x86.ActiveCfg = Release|Win32
		{E0AC6494-96A2-4D1E-BB84-1073E56F4141}.Release|x86.Build.0 = Release|Win32
		{14DE45A1-D71A-4751-AF12-D347F3A61622}.Debug|x64.ActiveCfg = Debug|x64
		{14DE45A1-D71A-4751-AF12-D347F3A61622}.Debug|x64.Build.0 = Debug|x64
		{14DE45A1-D71A-4751-AF12-D347F3A61622}.Debug|x86.ActiveCfg = Debug|Win32
		{14DE45A1-D71A-4751-AF12-D347F3A61622}.Debug|x86.Build.0 = Debug|Win32
		{14DE45A1-D71A-4751-AF12-D347F3A61622}.Release|x64.ActiveCfg = Release|x64
		{14DE45A1-D71A-4751-AF12-D347F3A61622}.Release|x64.Build.0 = Release|x64
		{14DE45A1-D71A-4751-AF12-D347F3A61622}.Release|x86.ActiveCfg = Release|Win32
		{14DE45A1-D71A-4751-AF12-D347F3A61622}.Release|x86.Build.0 = Release|Win32
		{71194FE5-DC12-4116-89F3-BD2BCBF7E257}.Debug|x64.ActiveCfg = Debug|x64
		{71194FE5-DC12-4116-89F3-BD2BCBF7E257}.Debug|x64.Build.0 = Debug|x64
		{71194FE5-DC12-4116-89F3-BD2BCBF7E257}.Debug|x86.ActiveCfg = Debug|Win32
		{71194FE5-DC12-4116-89F3-BD2BCBF7E257}.Debug|x86.Build.0 = Debug|Win32
		{71194FE5-DC12-4116-89F3-BD2BCBF7E257}.Release|x64.ActiveCfg = Release|x64
		{71194FE5-DC12-4116-89F3-BD2BCBF7E257}.Release|x64.Build.0 = Release|x64
		{71194FE5-DC12-4116-89F3-BD2BCBF7E257}.Release|x86.ActiveCfg = Release|Win32
		{71194FE5-DC12-4116-89F3-BD2BCBF7E257}.Release|x86.Build.0 = Release|Win32
		{189DC570-BA8F-4B77-95C9-43C32B09F760}.Debug|x64.ActiveCfg = Debug|x64
		{189DC570-BA8F-4B77-95C9-43C32B09F760}.Debug|x64.Build.0 = Debug|x64
		{189DC570-BA8F-4B77-95C9-43C32B09F760}.Debug|x86.ActiveCfg = Debug|Win32
		{189DC570-BA8F-4B77-95C9-43C32B09F760}.Debug|x86.Build.0 = Debug|Win32
		{189DC570-BA8F-4B77-95C9-43C32B09F760}.Release|x64.ActiveCfg = Release|x64
		{189DC570-BA8F-4B77-95C9-43C32B09F760}.Release|x64.Build.0 = Release|x64
		{189DC570-BA8F-4B77-95C9-43C32B09F760}.Release|x86.ActiveCfg = Release|Win32
		{189DC570-BA8F-4B77-95C9-43C32B09F760}.Release|x86.Build.0 = Release|Win32
		{051162B5-9D20-4038-960E-64012C1D5009}.Debug|x64.ActiveCfg = Debug|x64
		{051162B5-9D20-4038-960E-64012C1D5009}.Debug|x64.Build.0 = Debug|x64
		{051162B5-9D20-4038-960E-64012C1D5009}.Debug|x86.ActiveCfg = Debug|Win32
		{051162B5-9D20-4038-960E-64012C1D5009}.Debug|x86.Build.0 = Debug|Win32
		{051162B5-9D20-4038-960E-64012C1D5009}.Release|x64.ActiveCfg = Release|x64
		{051162B5-9D20-4038-960E-64012C1D5009}.Release|x64.Build.0 = Release|x64
		{051162B5-9D20-4038-960E-64012C1D5009}.Release|x86.ActiveCfg = Release|Win32
		{051162B5-9D20-4038-960E-64012C1D5009}.Release|x86.Build.0 = Release|Win32
		{CAC35B65-586E-4255-8F0A-E06746439E8B}.Debug|x64.ActiveCfg = Debug|x64
		{CAC35B65-586E-4255-8F0A-E06746439E8B}.Debug|x64.Build.0 = Debug|x64
		{CAC35B65-586E-4255-8F0A-E06746439E8B}.Debug|x86.ActiveCfg = Debug|Win32
		{CAC35B65-586E-4255-8F0A-E06746439E8B}.Debug|x86.Build.0 = Debug|Win32
		{CAC35B65-586E-4255-8F0A-E06746439E8B}.Release|x64.ActiveCfg = Release|x64
		{CAC35B65-586E-4255-8F0A-E06746439E8B}.Release|x64.Build.0 = Release|x64
		{CAC35B65-586E-4255-8F0A-E06746439E8B}.Release|x86.ActiveCfg = Release|Win32
		{CAC35B65-586E-4255-8F0A-E06746439E8B}.Release|x86.Build.0 = Release|Win32
		{D4950233-D902-43FF-A8DF-1C6CD6C1BED4}.Debug|x64.ActiveCfg = Debug|x64
		{D4950233-D902-43FF-A8DF-1C6CD6C1BED4}.Debug|x64.Build.0 = Debug|x64
		{D4950233-D902-43FF-A8DF-1C6CD6C1BED4}.Debug|x86.ActiveCfg = Debug|Win32
		{D4950233-D902-43FF-A8DF-1C6CD6C1BED4}.Debug|x86.Build.0 = Debug|Win32
		{D4950233-D902-43FF-A8DF-1C6CD6C1BED4}.Release|x64.ActiveCfg = Release|x64
		{D4950233-D902-43FF-A8DF-1C6CD6C1BED4}.Release|x64.Build.0 = Release|x64
		{D4950233-D902-43FF-A8DF-1C6CD6C1BED4}.Release|x86.ActiveCfg = Release|Win32
		{D4950233-D902-43FF-A8DF-1C6CD6C1BED4}.Release|x86.Build.0 = Release|Win32
		{B1504132-24B9-4F1D-B14C-33BEF997CF45}.Debug|x64.ActiveCfg = Debug|x64
		{B1504132-24B9-4F1D-B14C-33BEF997CF45}.Debug|x64.Build.0 = Debug|x64
		{B1504132-24B9-4F1D-B14C-33BEF997CF45}.Debug|x86.ActiveCfg = Debug|Win32
		{B1504132-24B9-4F1D-B14C-33BEF997CF45}.Debug|x86.Build.0 = Debug|Win32
		{B1504132-24B9-4F1D-B14C-33BEF997CF45}.Release|x64.ActiveCfg = Release|x64
		{B1504132-24B9-4F1D-B14C-33BEF997CF45}.Release|x64.Build.0 = Release|x64
		{B1504132-24B9-4F1D-B14C-33BEF997CF45}.Release|x86.ActiveCfg = Release|Win32
		{B1504132-24B9-4F1D-B14C-33BEF997CF45}.Release|x86.Build.0 = Release|Win32
		{386AACF2-5C08-4823-9EB7-7C985782742D}.Debug|x64.ActiveCfg = Debug|x64
		{386AACF2-5C08-4823-9EB7-7C985782742D}.Debug|x64.Build.0 = Debug|x64
		{386AACF2-5C08-4823-9EB7-7C985782742D}.Debug|x86.ActiveCfg = Debug|Win32
		{386AACF2-5C08-4823-9EB7-7C985782742D}.Debug|x86.Build.0 = Debug|Win32
		{386AACF2-5C08-4823-9EB7-7C985782742D}.Release|x64.ActiveCfg = Release|x64
		{386AACF2-5C08-4823-9EB7-7C985782742D}.Release|x64.Build.0 = Release|x64
		{386AACF2-5C08-4823-9EB7-7C985782742D}.Release|x86.ActiveCfg = Release|Win32
		{386AACF2-5C08-4823-9EB7-7C985782742D}.Release|x86.Build.0 = Release|Win32
		{CD734A6A-5FB2-46BE-AD33-ADA01E853E7D}.Debug|x64.ActiveCfg = Debug|x64
		{CD734A6A-5FB2-46BE-AD33-ADA01E853E7D}.Debug|x64.Build.0 = Debug|x64
		{CD734A6A-5FB2-46BE-AD33-ADA01E853E7D}.Debug|x86.ActiveCfg = Debug|Win32
		{CD734A6A-5FB2-46BE-AD33-ADA01E853E7D}.Debug|x86.Build.0 = Debug|Win32
		{CD734A6A-5FB2-46BE-AD33-ADA01E853E7D}.Release|x64.ActiveCfg = Release|x64
		{CD734A6A-5FB2-46BE-AD33-ADA01E853E7D}.Release|x64.Build.0 = Release|x64
		{CD734A6A-5FB2-46BE-AD33-ADA01E853E7D}.Release|x86.ActiveCfg = Release|Win32
		{CD734A6A-5FB2-46BE-AD33-ADA01E853E7D}.Release|x86.Build.0 = Release|Win32
		{3D5B114E-43E0-4DAB-A5A1-4140815C3E82}.Debug|x64.ActiveCfg = Debug|x64
		{3D5B114E-43E0-4DAB-A5A1-4140815C3E82}.Debug|x64.Build.0 = Debug|x64
		{3D5B114E-43E0-4DAB-A5A1-4140815C3E82}.Debug|x86.ActiveCfg = Debug|Win32
		{3D5B114E-43E0-4DAB-A5A1-4140815C3E82}.Debug|x86.Build.0 = Debug|Win32
		{3D5B114E-43E0-4DAB-A5A1-4140815C3E82}.Release|x64.ActiveCfg = Release|x64
		{3D5B114E-43E0-4DAB-A5A1-4140815C3E82}.Release|x64.Build.0 = Release|x64
		{3D5B114E-43E0-4DAB-A5A1-4140815C3E82}.Release|x86.ActiveCfg = Release|Win32
		{3D5B114E-43E0-4DAB-A5A1-4140815C3E82}.Release|x86.Build.0 = Release|Win32
		{33BD60DC-B2B3-421A-ABAE-494AD7AC35BC}.Debug|x64.ActiveCfg = Debug|x64
		{33BD60DC-B2B3-421A-ABAE-494AD7AC35BC}.Debug|x64.Build.0 = Debug|x64
		{33BD60DC-B2B3-421A-ABAE-494AD7AC35BC}.Debug|x86.ActiveCfg = Debug|Win32
		{33BD60DC-B2B3-421A-ABAE-494AD7AC35BC}.Debug|x86.Build.0 = Debug|Win32
		{33BD60DC-B2B3-421A-ABAE-494AD7AC35BC}.Release|x64.ActiveCfg = Release|x64
		{33BD60DC-B2B3-421A-ABAE-494AD7AC35BC}.Release|x64.Build.0 = Release|x64
		{33BD60DC-B2B3-421A-ABAE-494AD7AC35BC}.Release|x86.ActiveCfg = Release|Win32
		{33BD60DC-B2B3-421A-ABAE-494AD7AC35BC}.Release|x86.Build.0 = Release|Win32
	EndGlobalSection
	GlobalSection(SolutionProperties) = preSolution
		HideSolutionNode = FALSE
	EndGlobalSection
	GlobalSection(NestedProjects) = preSolution
		{5CF2331D-A9FF-4AEB-8FC4-E21C175CB745} = {BBC0010C-F380-4D9A-9D45-A008026E02D7}
		{B0BD5240-F025-43ED-9F63-5F34DBA0DD0C} = {5CF2331D-A9FF-4AEB-8FC4-E21C175CB745}
		{14BA2B0C-BE3B-4BBD-822A-FE1D6AE18370} = {BBC0010C-F380-4D9A-9D45-A008026E02D7}
		{8C267412-A6EA-47D4-AA10-DC75F73FC86D} = {14BA2B0C-BE3B-4BBD-822A-FE1D6AE18370}
		{371F9CDE-8716-45FE-93DF-90383ED9781C} = {BBC0010C-F380-4D9A-9D45-A008026E02D7}
		{E0AC6494-96A2-4D1E-BB84-1073E56F4141} = {371F9CDE-8716-45FE-93DF-90383ED9781C}
		{F9468C4B-215E-422A-A221-BCF8333A1E38} = {BBC0010C-F380-4D9A-9D45-A008026E02D7}
		{14DE45A1-D71A-4751-AF12-D347F3A61622} = {F9468C4B-215E-422A-A221-BCF8333A1E38}
		{082BB73B-39BE-4B21-BD11-1225C9C81F1E} = {BBC0010C-F380-4D9A-9D45-A008026E02D7}
		{71194FE5-DC12-4116-89F3-BD2BCBF7E257} = {082BB73B-39BE-4B21-BD11-1225C9C81F1E}
		{E8263D58-80EE-4D7A-ABD2-F630257794C2} = {BBC0010C-F380-4D9A-9D45-A008026E02D7}
		{189DC570-BA8F-4B77-95C9-43C32B09F760} = {E8263D58-80EE-4D7A-ABD2-F630257794C2}
		{0AB49444-490E-46B8-AB8F-9B216414A514} = {BBC0010C-F380-4D9A-9D45-A008026E02D7}
		{051162B5-9D20-4038-960E-64012C1D5009} = {0AB49444-490E-46B8-AB8F-9B216414A514}
		{A11ECBFA-A3E7-49DD-B286-9300253376B7} = {BBC0010C-F380-4D9A-9D45-A008026E02D7}
		{CAC35B65-586E-4255-8F0A-E06746439E8B} = {A11ECBFA-A3E7-49DD-B286-9300253376B7}
		{298F74DC-1B26-4BC8-8742-3ED34C723CAD} = {BBC0010C-F380-4D9A-9D45-A008026E02D7}
		{D4950233-D902-43FF-A8DF-1C6CD6C1BED4} = {298F74DC-1B26-4BC8-8742-3ED34C723CAD}
		{CA0B3AAF-89B1-4624-9A6A-D6C49827B9B1} = {BBC0010C-F380-4D9A-9D45-A008026E02D7}
		{B1504132-24B9-4F1D-B14C-33BEF997CF45} = {CA0B3AAF-89B1-4624-9A6A-D6C49827B9B1}
		{1033D241-484E-4145-8F2A-0DD51FB578F5} = {BBC0010C-F380-4D9A-9D45-A008026E02D7}
		{386AACF2-5C08-4823-9EB7-7C985782742D} = {1033D241-484E-4145-8F2A-0DD51FB578F5}
		{B6ED253B-D51A-4EF3-A3E6-64E196925A8C} = {BBC0010C-F380-4D9A-9D45-A008026E02D7}
		{AD9145BC-F708-400B-8635-C65E1CAE646B} = {BBC0010C-F380-4D9A-9D45-A008026E02D7}
		{35CC0C18-024F-410E-B0C1-8B1B97B600D5} = {BBC0010C-F380-4D9A-9D45-A008026E02D7}
		{CD734A6A-5FB2-46BE-AD33-ADA01E853E7D} = {B6ED253B-D51A-4EF3-A3E6-64E196925A8C}
		{3D5B114E-43E0-4DAB-A5A1-4140815C3E82} = {AD9145BC-F708-400B-8635-C65E1CAE646B}
		{33BD60DC-B2B3-421A-ABAE-494AD7AC35BC} = {35CC0C18-024F-410E-B0C1-8B1B97B600D5}
	EndGlobalSection
	GlobalSection(ExtensibilityGlobals) = postSolution
		SolutionGuid = {79F8B0F7-2944-40FC-849E-28677565A8A9}
	EndGlobalSection
EndGlobal
